
Microsoft Visual Studio Solution File, Format Version 12.00
# Visual Studio Version 17
VisualStudioVersion = 17.7.34221.43
MinimumVisualStudioVersion = 10.0.40219.1
Project("{9A19103F-16F7-4668-BE54-9A1E7A4F7556}") = "Quixduell.Blazor", "Quixduell\Quixduell.Blazor\Quixduell.Blazor.csproj", "{E4C50471-F0A8-4F7B-991E-607D409AF0C3}"
EndProject
Project("{9A19103F-16F7-4668-BE54-9A1E7A4F7556}") = "Quixduell.ServiceLayer", "Quixduell\Quixduell.ServiceLayer\Quixduell.ServiceLayer.csproj", "{0703D35F-A8FE-411B-B48A-32A768DE5DB3}"
EndProject
Project("{E53339B2-1760-4266-BCC7-CA923CBCF16C}") = "docker-compose", "docker-compose.dcproj", "{DBB75216-423F-4D59-B5C5-3361B42F1448}"
EndProject
Project("{9A19103F-16F7-4668-BE54-9A1E7A4F7556}") = "Quixduell.ServiceLayer.Tests", "Quixduell\Quixduell.ServiceLayer.Tests\Quixduell.ServiceLayer.Tests.csproj", "{E3A205D8-6074-4CCC-95F9-7A79633C989D}"
EndProject
Global
	GlobalSection(SolutionConfigurationPlatforms) = preSolution
		Debug|Any CPU = Debug|Any CPU
		Release|Any CPU = Release|Any CPU
	EndGlobalSection
	GlobalSection(ProjectConfigurationPlatforms) = postSolution
		{E4C50471-F0A8-4F7B-991E-607D409AF0C3}.Debug|Any CPU.ActiveCfg = Debug|Any CPU
		{E4C50471-F0A8-4F7B-991E-607D409AF0C3}.Debug|Any CPU.Build.0 = Debug|Any CPU
		{E4C50471-F0A8-4F7B-991E-607D409AF0C3}.Release|Any CPU.ActiveCfg = Release|Any CPU
		{E4C50471-F0A8-4F7B-991E-607D409AF0C3}.Release|Any CPU.Build.0 = Release|Any CPU
		{0703D35F-A8FE-411B-B48A-32A768DE5DB3}.Debug|Any CPU.ActiveCfg = Debug|Any CPU
		{0703D35F-A8FE-411B-B48A-32A768DE5DB3}.Debug|Any CPU.Build.0 = Debug|Any CPU
		{0703D35F-A8FE-411B-B48A-32A768DE5DB3}.Release|Any CPU.ActiveCfg = Release|Any CPU
		{0703D35F-A8FE-411B-B48A-32A768DE5DB3}.Release|Any CPU.Build.0 = Release|Any CPU
		{DBB75216-423F-4D59-B5C5-3361B42F1448}.Debug|Any CPU.ActiveCfg = Debug|Any CPU
		{DBB75216-423F-4D59-B5C5-3361B42F1448}.Debug|Any CPU.Build.0 = Debug|Any CPU
		{DBB75216-423F-4D59-B5C5-3361B42F1448}.Release|Any CPU.ActiveCfg = Release|Any CPU
		{DBB75216-423F-4D59-B5C5-3361B42F1448}.Release|Any CPU.Build.0 = Release|Any CPU
		{E3A205D8-6074-4CCC-95F9-7A79633C989D}.Debug|Any CPU.ActiveCfg = Debug|Any CPU
		{E3A205D8-6074-4CCC-95F9-7A79633C989D}.Debug|Any CPU.Build.0 = Debug|Any CPU
		{E3A205D8-6074-4CCC-95F9-7A79633C989D}.Release|Any CPU.ActiveCfg = Release|Any CPU
		{E3A205D8-6074-4CCC-95F9-7A79633C989D}.Release|Any CPU.Build.0 = Release|Any CPU
	EndGlobalSection
	GlobalSection(SolutionProperties) = preSolution
		HideSolutionNode = FALSE
	EndGlobalSection
	GlobalSection(ExtensibilityGlobals) = postSolution
		SolutionGuid = {57B2D6DA-4BC4-4812-82F7-2D6D73C9DA04}
	EndGlobalSection
EndGlobal
