
Microsoft Visual Studio Solution File, Format Version 12.00
# Visual Studio Version 17
VisualStudioVersion = 17.5.002.0
MinimumVisualStudioVersion = 10.0.40219.1
Project("{9A19103F-16F7-4668-BE54-9A1E7A4F7556}") = "Quixduell.Blazor", "Quixduell.Blazor\Quixduell.Blazor.csproj", "{812EBA97-EDB6-439A-97CD-54447B84AC31}"
EndProject
Project("{9A19103F-16F7-4668-BE54-9A1E7A4F7556}") = "Quixduell.ServiceLayer", "Quixduell.ServiceLayer\Quixduell.ServiceLayer.csproj", "{AA1CDE5B-2CEF-456D-90FA-F69D776FAAD2}"
EndProject
Global
	GlobalSection(SolutionConfigurationPlatforms) = preSolution
		Debug|Any CPU = Debug|Any CPU
		Release|Any CPU = Release|Any CPU
	EndGlobalSection
	GlobalSection(ProjectConfigurationPlatforms) = postSolution
		{812EBA97-EDB6-439A-97CD-54447B84AC31}.Debug|Any CPU.ActiveCfg = Debug|Any CPU
		{812EBA97-EDB6-439A-97CD-54447B84AC31}.Debug|Any CPU.Build.0 = Debug|Any CPU
		{812EBA97-EDB6-439A-97CD-54447B84AC31}.Release|Any CPU.ActiveCfg = Release|Any CPU
		{812EBA97-EDB6-439A-97CD-54447B84AC31}.Release|Any CPU.Build.0 = Release|Any CPU
		{AA1CDE5B-2CEF-456D-90FA-F69D776FAAD2}.Debug|Any CPU.ActiveCfg = Debug|Any CPU
		{AA1CDE5B-2CEF-456D-90FA-F69D776FAAD2}.Debug|Any CPU.Build.0 = Debug|Any CPU
		{AA1CDE5B-2CEF-456D-90FA-F69D776FAAD2}.Release|Any CPU.ActiveCfg = Release|Any CPU
		{AA1CDE5B-2CEF-456D-90FA-F69D776FAAD2}.Release|Any CPU.Build.0 = Release|Any CPU
	EndGlobalSection
	GlobalSection(SolutionProperties) = preSolution
		HideSolutionNode = FALSE
	EndGlobalSection
	GlobalSection(ExtensibilityGlobals) = postSolution
		SolutionGuid = {E652B280-FCA5-4CD4-A7CF-FB3189BCC364}
	EndGlobalSection
EndGlobal
